# This file is automatically @generated by Cargo.
# It is not intended for manual editing.
version = 4

[[package]]
name = "client"
version = "0.1.0"

[[package]]
name = "common"
version = "0.1.0"

[[package]]
name = "domain"
version = "0.1.0"

[[package]]
name = "native"
version = "0.1.0"

[[package]]
name = "svr"
version = "0.1.0"

[[package]]
name = "tui"
version = "0.1.0"

[[package]]
name = "wasm"
version = "0.1.0"

[[package]]
name = "web"
version = "0.1.0"
